
Microsoft Visual Studio Solution File, Format Version 12.00
# Visual Studio Version 17
VisualStudioVersion = 17.14.36623.8 d17.14
MinimumVisualStudioVersion = 10.0.40219.1
Project("{FAE04EC0-301F-11D3-BF4B-00C04F79EFBC}") = "Demo01", "Demo01\Demo01.csproj", "{D9F99A56-C4F0-41EF-8730-2909B7CC84D2}"
EndProject
Global
	GlobalSection(SolutionConfigurationPlatforms) = preSolution
		Debug|Any CPU = Debug|Any CPU
		Release|Any CPU = Release|Any CPU
	EndGlobalSection
	GlobalSection(ProjectConfigurationPlatforms) = postSolution
		{D9F99A56-C4F0-41EF-8730-2909B7CC84D2}.Debug|Any CPU.ActiveCfg = Debug|Any CPU
		{D9F99A56-C4F0-41EF-8730-2909B7CC84D2}.Debug|Any CPU.Build.0 = Debug|Any CPU
		{D9F99A56-C4F0-41EF-8730-2909B7CC84D2}.Release|Any CPU.ActiveCfg = Release|Any CPU
		{D9F99A56-C4F0-41EF-8730-2909B7CC84D2}.Release|Any CPU.Build.0 = Release|Any CPU
	EndGlobalSection
	GlobalSection(SolutionProperties) = preSolution
		HideSolutionNode = FALSE
	EndGlobalSection
	GlobalSection(ExtensibilityGlobals) = postSolution
		SolutionGuid = {D9833396-1A50-462D-AD24-E7A4DDA464F7}
	EndGlobalSection
EndGlobal
